
Microsoft Visual Studio Solution File, Format Version 12.00
# Visual Studio Version 17
VisualStudioVersion = 17.14.36623.8 d17.14
MinimumVisualStudioVersion = 10.0.40219.1
Project("{FAE04EC0-301F-11D3-BF4B-00C04F79EFBC}") = "WebApplication1", "WebApplication1\WebApplication1.csproj", "{D3224EDC-3026-41F9-BCE6-B7404333162B}"
EndProject
Project("{FAE04EC0-301F-11D3-BF4B-00C04F79EFBC}") = "TestProject1", "TestProject1\TestProject1.csproj", "{C3507A47-10B5-4516-83C7-C2BBCB62825E}"
EndProject
Global
	GlobalSection(SolutionConfigurationPlatforms) = preSolution
		Debug|Any CPU = Debug|Any CPU
		Release|Any CPU = Release|Any CPU
	EndGlobalSection
	GlobalSection(ProjectConfigurationPlatforms) = postSolution
		{D3224EDC-3026-41F9-BCE6-B7404333162B}.Debug|Any CPU.ActiveCfg = Debug|Any CPU
		{D3224EDC-3026-41F9-BCE6-B7404333162B}.Debug|Any CPU.Build.0 = Debug|Any CPU
		{D3224EDC-3026-41F9-BCE6-B7404333162B}.Release|Any CPU.ActiveCfg = Release|Any CPU
		{D3224EDC-3026-41F9-BCE6-B7404333162B}.Release|Any CPU.Build.0 = Release|Any CPU
		{C3507A47-10B5-4516-83C7-C2BBCB62825E}.Debug|Any CPU.ActiveCfg = Debug|Any CPU
		{C3507A47-10B5-4516-83C7-C2BBCB62825E}.Debug|Any CPU.Build.0 = Debug|Any CPU
		{C3507A47-10B5-4516-83C7-C2BBCB62825E}.Release|Any CPU.ActiveCfg = Release|Any CPU
		{C3507A47-10B5-4516-83C7-C2BBCB62825E}.Release|Any CPU.Build.0 = Release|Any CPU
	EndGlobalSection
	GlobalSection(SolutionProperties) = preSolution
		HideSolutionNode = FALSE
	EndGlobalSection
	GlobalSection(ExtensibilityGlobals) = postSolution
		SolutionGuid = {F7A69465-FCCD-4E6B-9CAF-A5F340B7621F}
	EndGlobalSection
EndGlobal
